
Microsoft Visual Studio Solution File, Format Version 12.00
# Visual Studio Version 17
VisualStudioVersion = 17.1.32407.343
MinimumVisualStudioVersion = 10.0.40219.1
Project("{FAE04EC0-301F-11D3-BF4B-00C04F79EFBC}") = "UnitTests", "UnitTests\UnitTests.csproj", "{1B7E9008-1FB4-4F02-AD28-9B101FFF6CCE}"
EndProject
Project("{FAE04EC0-301F-11D3-BF4B-00C04F79EFBC}") = "NetworkUtility", "NetworkUtility\NetworkUtility.csproj", "{DA3E32DE-158B-4833-BCE2-7A6B3F62EB57}"
EndProject
Project("{FAE04EC0-301F-11D3-BF4B-00C04F79EFBC}") = "NetworkUtility.Tests", "NetworkUtility.Tests\NetworkUtility.Tests.csproj", "{6FB4A72E-EC7D-42D7-8B80-108CB864AAC8}"
EndProject
Global
	GlobalSection(SolutionConfigurationPlatforms) = preSolution
		Debug|Any CPU = Debug|Any CPU
		Release|Any CPU = Release|Any CPU
	EndGlobalSection
	GlobalSection(ProjectConfigurationPlatforms) = postSolution
		{1B7E9008-1FB4-4F02-AD28-9B101FFF6CCE}.Debug|Any CPU.ActiveCfg = Debug|Any CPU
		{1B7E9008-1FB4-4F02-AD28-9B101FFF6CCE}.Debug|Any CPU.Build.0 = Debug|Any CPU
		{1B7E9008-1FB4-4F02-AD28-9B101FFF6CCE}.Release|Any CPU.ActiveCfg = Release|Any CPU
		{1B7E9008-1FB4-4F02-AD28-9B101FFF6CCE}.Release|Any CPU.Build.0 = Release|Any CPU
		{DA3E32DE-158B-4833-BCE2-7A6B3F62EB57}.Debug|Any CPU.ActiveCfg = Debug|Any CPU
		{DA3E32DE-158B-4833-BCE2-7A6B3F62EB57}.Debug|Any CPU.Build.0 = Debug|Any CPU
		{DA3E32DE-158B-4833-BCE2-7A6B3F62EB57}.Release|Any CPU.ActiveCfg = Release|Any CPU
		{DA3E32DE-158B-4833-BCE2-7A6B3F62EB57}.Release|Any CPU.Build.0 = Release|Any CPU
		{6FB4A72E-EC7D-42D7-8B80-108CB864AAC8}.Debug|Any CPU.ActiveCfg = Debug|Any CPU
		{6FB4A72E-EC7D-42D7-8B80-108CB864AAC8}.Debug|Any CPU.Build.0 = Debug|Any CPU
		{6FB4A72E-EC7D-42D7-8B80-108CB864AAC8}.Release|Any CPU.ActiveCfg = Release|Any CPU
		{6FB4A72E-EC7D-42D7-8B80-108CB864AAC8}.Release|Any CPU.Build.0 = Release|Any CPU
	EndGlobalSection
	GlobalSection(SolutionProperties) = preSolution
		HideSolutionNode = FALSE
	EndGlobalSection
	GlobalSection(ExtensibilityGlobals) = postSolution
		SolutionGuid = {BF915DEF-C513-40D1-A4DB-AE59F8F69EAB}
	EndGlobalSection
EndGlobal
